{
  "version": 4,
  "terraform_version": "1.14.7",
  "serial": 347,
  "lineage": "ae7aabc6-8af1-f535-9de7-42984927c7e2",
  "outputs": {
    "master_public_ip": {
      "value": "3.148.217.182",
      "type": "string"
    },
    "worker_public_ips": {
      "value": [
        "3.139.80.184",
        "18.224.43.49"
      ],
      "type": [
        "tuple",
        [
          "string",
          "string"
        ]
      ]
    }
  },
  "resources": [
    {
      "mode": "data",
      "type": "aws_ami",
      "name": "ubuntu",
      "provider": "provider[\"registry.terraform.io/hashicorp/aws\"]",
      "instances": [
        {
          "schema_version": 0,
          "attributes": {
            "allow_unsafe_filter": null,
            "architecture": "x86_64",
            "arn": "arn:aws:ec2:us-east-2::image/ami-04a131f50a7b86648",
            "block_device_mappings": [
              {
                "device_name": "/dev/sda1",
                "ebs": {
                  "delete_on_termination": "true",
                  "encrypted": "false",
                  "iops": "0",
                  "snapshot_id": "snap-0eb5cb725aee8783d",
                  "throughput": "0",
                  "volume_initialization_rate": "0",
                  "volume_size": "8",
                  "volume_type": "gp2"
                },
                "no_device": "",
                "virtual_name": ""
              },
              {
                "device_name": "/dev/sdb",
                "ebs": {},
                "no_device": "",
                "virtual_name": "ephemeral0"
              },
              {
                "device_name": "/dev/sdc",
                "ebs": {},
                "no_device": "",
                "virtual_name": "ephemeral1"
              }
            ],
            "boot_mode": "uefi-preferred",
            "creation_date": "2026-02-18T06:50:26.000Z",
            "deprecation_time": "2028-02-18T06:50:26.000Z",
            "description": "Canonical, Ubuntu, 22.04, amd64 jammy image",
            "ena_support": true,
            "executable_users": null,
            "filter": [
              {
                "name": "name",
                "values": [
                  "ubuntu/images/hvm-ssd/ubuntu-jammy-22.04-amd64-server-*"
                ]
              },
              {
                "name": "virtualization-type",
                "values": [
                  "hvm"
                ]
              }
            ],
            "hypervisor": "xen",
            "id": "ami-04a131f50a7b86648",
            "image_id": "ami-04a131f50a7b86648",
            "image_location": "amazon/ubuntu/images/hvm-ssd/ubuntu-jammy-22.04-amd64-server-20260218",
            "image_owner_alias": "amazon",
            "image_type": "machine",
            "imds_support": "",
            "include_deprecated": false,
            "kernel_id": "",
            "last_launched_time": "",
            "most_recent": true,
            "name": "ubuntu/images/hvm-ssd/ubuntu-jammy-22.04-amd64-server-20260218",
            "name_regex": null,
            "owner_id": "099720109477",
            "owners": [
              "099720109477"
            ],
            "platform": "",
            "platform_details": "Linux/UNIX",
            "product_codes": [],
            "public": true,
            "ramdisk_id": "",
            "region": "us-east-2",
            "root_device_name": "/dev/sda1",
            "root_device_type": "ebs",
            "root_snapshot_id": "snap-0eb5cb725aee8783d",
            "sriov_net_support": "simple",
            "state": "available",
            "state_reason": {
              "code": "UNSET",
              "message": "UNSET"
            },
            "tags": {},
            "timeouts": null,
            "tpm_support": "",
            "uefi_data": null,
            "usage_operation": "RunInstances",
            "virtualization_type": "hvm"
          },
          "sensitive_attributes": [],
          "identity_schema_version": 0
        }
      ]
    },
    {
      "mode": "managed",
      "type": "aws_instance",
      "name": "chaos-master",
      "provider": "provider[\"registry.terraform.io/hashicorp/aws\"]",
      "instances": [
        {
          "schema_version": 2,
          "attributes": {
            "ami": "ami-04a131f50a7b86648",
            "arn": "arn:aws:ec2:us-east-2:736956442401:instance/i-0946bfd15b069a8ae",
            "associate_public_ip_address": true,
            "availability_zone": "us-east-2a",
            "capacity_reservation_specification": [
              {
                "capacity_reservation_preference": "open",
                "capacity_reservation_target": []
              }
            ],
            "cpu_options": [
              {
                "amd_sev_snp": "",
                "core_count": 1,
                "nested_virtualization": "",
                "threads_per_core": 2
              }
            ],
            "credit_specification": [
              {
                "cpu_credits": "unlimited"
              }
            ],
            "disable_api_stop": false,
            "disable_api_termination": false,
            "ebs_block_device": [],
            "ebs_optimized": false,
            "enable_primary_ipv6": null,
            "enclave_options": [
              {
                "enabled": false
              }
            ],
            "ephemeral_block_device": [],
            "force_destroy": false,
            "get_password_data": false,
            "hibernation": false,
            "host_id": "",
            "host_resource_group_arn": null,
            "iam_instance_profile": "",
            "id": "i-0946bfd15b069a8ae",
            "instance_initiated_shutdown_behavior": "stop",
            "instance_lifecycle": "",
            "instance_market_options": [],
            "instance_state": "running",
            "instance_type": "t3.small",
            "ipv6_address_count": 0,
            "ipv6_addresses": [],
            "key_name": "chaos-keypair",
            "launch_template": [],
            "maintenance_options": [
              {
                "auto_recovery": "default"
              }
            ],
            "metadata_options": [
              {
                "http_endpoint": "enabled",
                "http_protocol_ipv6": "disabled",
                "http_put_response_hop_limit": 1,
                "http_tokens": "optional",
                "instance_metadata_tags": "disabled"
              }
            ],
            "monitoring": false,
            "network_interface": [],
            "outpost_arn": "",
            "password_data": "",
            "placement_group": "",
            "placement_group_id": "",
            "placement_partition_number": 0,
            "primary_network_interface": [
              {
                "delete_on_termination": true,
                "network_interface_id": "eni-071d004dbb71a1fed"
              }
            ],
            "primary_network_interface_id": "eni-071d004dbb71a1fed",
            "private_dns": "ip-10-0-1-46.us-east-2.compute.internal",
            "private_dns_name_options": [
              {
                "enable_resource_name_dns_a_record": false,
                "enable_resource_name_dns_aaaa_record": false,
                "hostname_type": "ip-name"
              }
            ],
            "private_ip": "10.0.1.46",
            "public_dns": "ec2-3-148-217-182.us-east-2.compute.amazonaws.com",
            "public_ip": "3.148.217.182",
            "region": "us-east-2",
            "root_block_device": [
              {
                "delete_on_termination": true,
                "device_name": "/dev/sda1",
                "encrypted": false,
                "iops": 100,
                "kms_key_id": "",
                "tags": {
                  "environment": "dev",
                  "owner": "ajordanr",
                  "project": "chaos-engineering"
                },
                "tags_all": {
                  "environment": "dev",
                  "owner": "ajordanr",
                  "project": "chaos-engineering"
                },
                "throughput": 0,
                "volume_id": "vol-0552114de3039a247",
                "volume_size": 8,
                "volume_type": "gp2"
              }
            ],
            "secondary_network_interface": [],
            "secondary_private_ips": [],
            "security_groups": [],
            "source_dest_check": true,
            "spot_instance_request_id": "",
            "subnet_id": "subnet-0f2a2261572f5b681",
            "tags": {
              "Name": "chaos-master"
            },
            "tags_all": {
              "Name": "chaos-master",
              "environment": "dev",
              "owner": "ajordanr",
              "project": "chaos-engineering"
            },
            "tenancy": "default",
            "timeouts": null,
            "user_data": "#!/bin/bash\ncurl -sfL https://get.k3s.io | sh -\n\n# Wait for k3s to be ready\nuntil k3s kubectl get nodes 2\u003e/dev/null | grep -q \"Ready\"; do\n\tsleep 5\ndone\n\n# Write the join token to a known location for Ansible to retrieve\ncat /var/lib/rancher/k3s/server/node-token \u003e /tmp/k3s-node-token\nchmod 644 /tmp/k3s-node-token\n\n",
            "user_data_base64": null,
            "user_data_replace_on_change": false,
            "volume_tags": null,
            "vpc_security_group_ids": [
              "sg-0be2ad4b3b1722b89"
            ]
          },
          "sensitive_attributes": [],
          "identity_schema_version": 0,
          "identity": {
            "account_id": "736956442401",
            "id": "i-0946bfd15b069a8ae",
            "region": "us-east-2"
          },
          "private": "eyJlMmJmYjczMC1lY2FhLTExZTYtOGY4OC0zNDM2M2JjN2M0YzAiOnsiY3JlYXRlIjo2MDAwMDAwMDAwMDAsImRlbGV0ZSI6MTIwMDAwMDAwMDAwMCwicmVhZCI6OTAwMDAwMDAwMDAwLCJ1cGRhdGUiOjYwMDAwMDAwMDAwMH0sInNjaGVtYV92ZXJzaW9uIjoiMiJ9",
          "dependencies": [
            "aws_key_pair.chaos-keypair",
            "aws_security_group.chaos-sg",
            "aws_subnet.chaos-subnet",
            "aws_vpc.chaos-vpc",
            "data.aws_ami.ubuntu",
            "tls_private_key.chaos-key"
          ]
        }
      ]
    },
    {
      "mode": "managed",
      "type": "aws_instance",
      "name": "chaos-worker",
      "provider": "provider[\"registry.terraform.io/hashicorp/aws\"]",
      "instances": [
        {
          "index_key": 0,
          "schema_version": 2,
          "attributes": {
            "ami": "ami-04a131f50a7b86648",
            "arn": "arn:aws:ec2:us-east-2:736956442401:instance/i-0e0d4365f9a5fa907",
            "associate_public_ip_address": true,
            "availability_zone": "us-east-2a",
            "capacity_reservation_specification": [
              {
                "capacity_reservation_preference": "open",
                "capacity_reservation_target": []
              }
            ],
            "cpu_options": [
              {
                "amd_sev_snp": "",
                "core_count": 1,
                "nested_virtualization": "",
                "threads_per_core": 2
              }
            ],
            "credit_specification": [
              {
                "cpu_credits": "unlimited"
              }
            ],
            "disable_api_stop": false,
            "disable_api_termination": false,
            "ebs_block_device": [],
            "ebs_optimized": false,
            "enable_primary_ipv6": null,
            "enclave_options": [
              {
                "enabled": false
              }
            ],
            "ephemeral_block_device": [],
            "force_destroy": false,
            "get_password_data": false,
            "hibernation": false,
            "host_id": "",
            "host_resource_group_arn": null,
            "iam_instance_profile": "",
            "id": "i-0e0d4365f9a5fa907",
            "instance_initiated_shutdown_behavior": "stop",
            "instance_lifecycle": "",
            "instance_market_options": [],
            "instance_state": "running",
            "instance_type": "t3.small",
            "ipv6_address_count": 0,
            "ipv6_addresses": [],
            "key_name": "chaos-keypair",
            "launch_template": [],
            "maintenance_options": [
              {
                "auto_recovery": "default"
              }
            ],
            "metadata_options": [
              {
                "http_endpoint": "enabled",
                "http_protocol_ipv6": "disabled",
                "http_put_response_hop_limit": 1,
                "http_tokens": "optional",
                "instance_metadata_tags": "disabled"
              }
            ],
            "monitoring": false,
            "network_interface": [],
            "outpost_arn": "",
            "password_data": "",
            "placement_group": "",
            "placement_group_id": "",
            "placement_partition_number": 0,
            "primary_network_interface": [
              {
                "delete_on_termination": true,
                "network_interface_id": "eni-03eefaaf21a556d22"
              }
            ],
            "primary_network_interface_id": "eni-03eefaaf21a556d22",
            "private_dns": "ip-10-0-1-171.us-east-2.compute.internal",
            "private_dns_name_options": [
              {
                "enable_resource_name_dns_a_record": false,
                "enable_resource_name_dns_aaaa_record": false,
                "hostname_type": "ip-name"
              }
            ],
            "private_ip": "10.0.1.171",
            "public_dns": "ec2-3-139-80-184.us-east-2.compute.amazonaws.com",
            "public_ip": "3.139.80.184",
            "region": "us-east-2",
            "root_block_device": [
              {
                "delete_on_termination": true,
                "device_name": "/dev/sda1",
                "encrypted": false,
                "iops": 100,
                "kms_key_id": "",
                "tags": {
                  "environment": "dev",
                  "owner": "ajordanr",
                  "project": "chaos-engineering"
                },
                "tags_all": {
                  "environment": "dev",
                  "owner": "ajordanr",
                  "project": "chaos-engineering"
                },
                "throughput": 0,
                "volume_id": "vol-0032e9b79195b938e",
                "volume_size": 8,
                "volume_type": "gp2"
              }
            ],
            "secondary_network_interface": [],
            "secondary_private_ips": [],
            "security_groups": [],
            "source_dest_check": true,
            "spot_instance_request_id": "",
            "subnet_id": "subnet-0f2a2261572f5b681",
            "tags": {
              "Name": "chaos-worker-0"
            },
            "tags_all": {
              "Name": "chaos-worker-0",
              "environment": "dev",
              "owner": "ajordanr",
              "project": "chaos-engineering"
            },
            "tenancy": "default",
            "timeouts": null,
            "user_data": "#!/bin/bash\n# k3s on workers needs the master IP and join token\n# These will be supplied by Ansible after the master is ready\n# Nothing to do at launch time on workers\n\napt-get update -y\napt-get install -y curl\n",
            "user_data_base64": null,
            "user_data_replace_on_change": false,
            "volume_tags": null,
            "vpc_security_group_ids": [
              "sg-0be2ad4b3b1722b89"
            ]
          },
          "sensitive_attributes": [],
          "identity_schema_version": 0,
          "identity": {
            "account_id": "736956442401",
            "id": "i-0e0d4365f9a5fa907",
            "region": "us-east-2"
          },
          "private": "eyJlMmJmYjczMC1lY2FhLTExZTYtOGY4OC0zNDM2M2JjN2M0YzAiOnsiY3JlYXRlIjo2MDAwMDAwMDAwMDAsImRlbGV0ZSI6MTIwMDAwMDAwMDAwMCwicmVhZCI6OTAwMDAwMDAwMDAwLCJ1cGRhdGUiOjYwMDAwMDAwMDAwMH0sInNjaGVtYV92ZXJzaW9uIjoiMiJ9",
          "dependencies": [
            "aws_key_pair.chaos-keypair",
            "aws_security_group.chaos-sg",
            "aws_subnet.chaos-subnet",
            "aws_vpc.chaos-vpc",
            "data.aws_ami.ubuntu",
            "tls_private_key.chaos-key"
          ]
        },
        {
          "index_key": 1,
          "schema_version": 2,
          "attributes": {
            "ami": "ami-04a131f50a7b86648",
            "arn": "arn:aws:ec2:us-east-2:736956442401:instance/i-03a43459e82a5c53c",
            "associate_public_ip_address": true,
            "availability_zone": "us-east-2a",
            "capacity_reservation_specification": [
              {
                "capacity_reservation_preference": "open",
                "capacity_reservation_target": []
              }
            ],
            "cpu_options": [
              {
                "amd_sev_snp": "",
                "core_count": 1,
                "nested_virtualization": "",
                "threads_per_core": 2
              }
            ],
            "credit_specification": [
              {
                "cpu_credits": "unlimited"
              }
            ],
            "disable_api_stop": false,
            "disable_api_termination": false,
            "ebs_block_device": [],
            "ebs_optimized": false,
            "enable_primary_ipv6": null,
            "enclave_options": [
              {
                "enabled": false
              }
            ],
            "ephemeral_block_device": [],
            "force_destroy": false,
            "get_password_data": false,
            "hibernation": false,
            "host_id": "",
            "host_resource_group_arn": null,
            "iam_instance_profile": "",
            "id": "i-03a43459e82a5c53c",
            "instance_initiated_shutdown_behavior": "stop",
            "instance_lifecycle": "",
            "instance_market_options": [],
            "instance_state": "running",
            "instance_type": "t3.small",
            "ipv6_address_count": 0,
            "ipv6_addresses": [],
            "key_name": "chaos-keypair",
            "launch_template": [],
            "maintenance_options": [
              {
                "auto_recovery": "default"
              }
            ],
            "metadata_options": [
              {
                "http_endpoint": "enabled",
                "http_protocol_ipv6": "disabled",
                "http_put_response_hop_limit": 1,
                "http_tokens": "optional",
                "instance_metadata_tags": "disabled"
              }
            ],
            "monitoring": false,
            "network_interface": [],
            "outpost_arn": "",
            "password_data": "",
            "placement_group": "",
            "placement_group_id": "",
            "placement_partition_number": 0,
            "primary_network_interface": [
              {
                "delete_on_termination": true,
                "network_interface_id": "eni-04f0e71364b5a23dd"
              }
            ],
            "primary_network_interface_id": "eni-04f0e71364b5a23dd",
            "private_dns": "ip-10-0-1-203.us-east-2.compute.internal",
            "private_dns_name_options": [
              {
                "enable_resource_name_dns_a_record": false,
                "enable_resource_name_dns_aaaa_record": false,
                "hostname_type": "ip-name"
              }
            ],
            "private_ip": "10.0.1.203",
            "public_dns": "ec2-18-224-43-49.us-east-2.compute.amazonaws.com",
            "public_ip": "18.224.43.49",
            "region": "us-east-2",
            "root_block_device": [
              {
                "delete_on_termination": true,
                "device_name": "/dev/sda1",
                "encrypted": false,
                "iops": 100,
                "kms_key_id": "",
                "tags": {
                  "environment": "dev",
                  "owner": "ajordanr",
                  "project": "chaos-engineering"
                },
                "tags_all": {
                  "environment": "dev",
                  "owner": "ajordanr",
                  "project": "chaos-engineering"
                },
                "throughput": 0,
                "volume_id": "vol-0a5d9045681209504",
                "volume_size": 8,
                "volume_type": "gp2"
              }
            ],
            "secondary_network_interface": [],
            "secondary_private_ips": [],
            "security_groups": [],
            "source_dest_check": true,
            "spot_instance_request_id": "",
            "subnet_id": "subnet-0f2a2261572f5b681",
            "tags": {
              "Name": "chaos-worker-1"
            },
            "tags_all": {
              "Name": "chaos-worker-1",
              "environment": "dev",
              "owner": "ajordanr",
              "project": "chaos-engineering"
            },
            "tenancy": "default",
            "timeouts": null,
            "user_data": "#!/bin/bash\n# k3s on workers needs the master IP and join token\n# These will be supplied by Ansible after the master is ready\n# Nothing to do at launch time on workers\n\napt-get update -y\napt-get install -y curl\n",
            "user_data_base64": null,
            "user_data_replace_on_change": false,
            "volume_tags": null,
            "vpc_security_group_ids": [
              "sg-0be2ad4b3b1722b89"
            ]
          },
          "sensitive_attributes": [],
          "identity_schema_version": 0,
          "identity": {
            "account_id": "736956442401",
            "id": "i-03a43459e82a5c53c",
            "region": "us-east-2"
          },
          "private": "eyJlMmJmYjczMC1lY2FhLTExZTYtOGY4OC0zNDM2M2JjN2M0YzAiOnsiY3JlYXRlIjo2MDAwMDAwMDAwMDAsImRlbGV0ZSI6MTIwMDAwMDAwMDAwMCwicmVhZCI6OTAwMDAwMDAwMDAwLCJ1cGRhdGUiOjYwMDAwMDAwMDAwMH0sInNjaGVtYV92ZXJzaW9uIjoiMiJ9",
          "dependencies": [
            "aws_key_pair.chaos-keypair",
            "aws_security_group.chaos-sg",
            "aws_subnet.chaos-subnet",
            "aws_vpc.chaos-vpc",
            "data.aws_ami.ubuntu",
            "tls_private_key.chaos-key"
          ]
        }
      ]
    },
    {
      "mode": "managed",
      "type": "aws_internet_gateway",
      "name": "chaos-igw",
      "provider": "provider[\"registry.terraform.io/hashicorp/aws\"]",
      "instances": [
        {
          "schema_version": 0,
          "attributes": {
            "arn": "arn:aws:ec2:us-east-2:736956442401:internet-gateway/igw-0f8b86842e64bbdeb",
            "id": "igw-0f8b86842e64bbdeb",
            "owner_id": "736956442401",
            "region": "us-east-2",
            "tags": null,
            "tags_all": {
              "environment": "dev",
              "owner": "ajordanr",
              "project": "chaos-engineering"
            },
            "timeouts": null,
            "vpc_id": "vpc-09b911cdc6ad9eda1"
          },
          "sensitive_attributes": [],
          "identity_schema_version": 0,
          "private": "eyJlMmJmYjczMC1lY2FhLTExZTYtOGY4OC0zNDM2M2JjN2M0YzAiOnsiY3JlYXRlIjoxMjAwMDAwMDAwMDAwLCJkZWxldGUiOjEyMDAwMDAwMDAwMDAsInVwZGF0ZSI6MTIwMDAwMDAwMDAwMH19",
          "dependencies": [
            "aws_vpc.chaos-vpc"
          ]
        }
      ]
    },
    {
      "mode": "managed",
      "type": "aws_key_pair",
      "name": "chaos-keypair",
      "provider": "provider[\"registry.terraform.io/hashicorp/aws\"]",
      "instances": [
        {
          "schema_version": 1,
          "attributes": {
            "arn": "arn:aws:ec2:us-east-2:736956442401:key-pair/chaos-keypair",
            "fingerprint": "cojEH4HzXhS9c9KXWZcQVDzbMrTwY8pD+M9uzHzUSBQ=",
            "id": "chaos-keypair",
            "key_name": "chaos-keypair",
            "key_name_prefix": "",
            "key_pair_id": "key-01e6c0e512ae68aed",
            "key_type": "ed25519",
            "public_key": "ssh-ed25519 AAAAC3NzaC1lZDI1NTE5AAAAIKD+Vsa9AEZsX/Su5Kti6XeK05RRqwCFGc6p1mOrwACz",
            "region": "us-east-2",
            "tags": null,
            "tags_all": {
              "environment": "dev",
              "owner": "ajordanr",
              "project": "chaos-engineering"
            }
          },
          "sensitive_attributes": [],
          "identity_schema_version": 0,
          "private": "eyJzY2hlbWFfdmVyc2lvbiI6IjEifQ==",
          "dependencies": [
            "tls_private_key.chaos-key"
          ]
        }
      ]
    },
    {
      "mode": "managed",
      "type": "aws_route_table",
      "name": "chaos-rt",
      "provider": "provider[\"registry.terraform.io/hashicorp/aws\"]",
      "instances": [
        {
          "schema_version": 0,
          "attributes": {
            "arn": "arn:aws:ec2:us-east-2:736956442401:route-table/rtb-02a937e0ea3fd15e9",
            "id": "rtb-02a937e0ea3fd15e9",
            "owner_id": "736956442401",
            "propagating_vgws": [],
            "region": "us-east-2",
            "route": [
              {
                "carrier_gateway_id": "",
                "cidr_block": "0.0.0.0/0",
                "core_network_arn": "",
                "destination_prefix_list_id": "",
                "egress_only_gateway_id": "",
                "gateway_id": "igw-0f8b86842e64bbdeb",
                "ipv6_cidr_block": "",
                "local_gateway_id": "",
                "nat_gateway_id": "",
                "network_interface_id": "",
                "transit_gateway_id": "",
                "vpc_endpoint_id": "",
                "vpc_peering_connection_id": ""
              }
            ],
            "tags": null,
            "tags_all": {
              "environment": "dev",
              "owner": "ajordanr",
              "project": "chaos-engineering"
            },
            "timeouts": null,
            "vpc_id": "vpc-09b911cdc6ad9eda1"
          },
          "sensitive_attributes": [],
          "identity_schema_version": 0,
          "identity": {
            "account_id": "736956442401",
            "id": "rtb-02a937e0ea3fd15e9",
            "region": "us-east-2"
          },
          "private": "eyJlMmJmYjczMC1lY2FhLTExZTYtOGY4OC0zNDM2M2JjN2M0YzAiOnsiY3JlYXRlIjozMDAwMDAwMDAwMDAsImRlbGV0ZSI6MzAwMDAwMDAwMDAwLCJ1cGRhdGUiOjEyMDAwMDAwMDAwMH19",
          "dependencies": [
            "aws_internet_gateway.chaos-igw",
            "aws_vpc.chaos-vpc"
          ]
        }
      ]
    },
    {
      "mode": "managed",
      "type": "aws_route_table_association",
      "name": "chaos-rta",
      "provider": "provider[\"registry.terraform.io/hashicorp/aws\"]",
      "instances": [
        {
          "schema_version": 0,
          "attributes": {
            "gateway_id": "",
            "id": "rtbassoc-0d52a23c5cb5fa2e4",
            "region": "us-east-2",
            "route_table_id": "rtb-02a937e0ea3fd15e9",
            "subnet_id": "subnet-0f2a2261572f5b681",
            "timeouts": null
          },
          "sensitive_attributes": [],
          "identity_schema_version": 0,
          "private": "eyJlMmJmYjczMC1lY2FhLTExZTYtOGY4OC0zNDM2M2JjN2M0YzAiOnsiY3JlYXRlIjozMDAwMDAwMDAwMDAsImRlbGV0ZSI6MzAwMDAwMDAwMDAwLCJ1cGRhdGUiOjEyMDAwMDAwMDAwMH19",
          "dependencies": [
            "aws_internet_gateway.chaos-igw",
            "aws_route_table.chaos-rt",
            "aws_subnet.chaos-subnet",
            "aws_vpc.chaos-vpc"
          ]
        }
      ]
    },
    {
      "mode": "managed",
      "type": "aws_security_group",
      "name": "chaos-sg",
      "provider": "provider[\"registry.terraform.io/hashicorp/aws\"]",
      "instances": [
        {
          "schema_version": 1,
          "attributes": {
            "arn": "arn:aws:ec2:us-east-2:736956442401:security-group/sg-0be2ad4b3b1722b89",
            "description": "Allow inbound and outbound traffic according to rules.",
            "egress": [],
            "id": "sg-0be2ad4b3b1722b89",
            "ingress": [],
            "name": "papers_please",
            "name_prefix": "",
            "owner_id": "736956442401",
            "region": "us-east-2",
            "revoke_rules_on_delete": false,
            "tags": {
              "Name": "chaos-sg"
            },
            "tags_all": {
              "Name": "chaos-sg",
              "environment": "dev",
              "owner": "ajordanr",
              "project": "chaos-engineering"
            },
            "timeouts": null,
            "vpc_id": "vpc-09b911cdc6ad9eda1"
          },
          "sensitive_attributes": [],
          "identity_schema_version": 0,
          "identity": {
            "account_id": "736956442401",
            "id": "sg-0be2ad4b3b1722b89",
            "region": "us-east-2"
          },
          "private": "eyJlMmJmYjczMC1lY2FhLTExZTYtOGY4OC0zNDM2M2JjN2M0YzAiOnsiY3JlYXRlIjo2MDAwMDAwMDAwMDAsImRlbGV0ZSI6OTAwMDAwMDAwMDAwfSwic2NoZW1hX3ZlcnNpb24iOiIxIn0=",
          "dependencies": [
            "aws_vpc.chaos-vpc"
          ]
        }
      ]
    },
    {
      "mode": "managed",
      "type": "aws_subnet",
      "name": "chaos-subnet",
      "provider": "provider[\"registry.terraform.io/hashicorp/aws\"]",
      "instances": [
        {
          "schema_version": 1,
          "attributes": {
            "arn": "arn:aws:ec2:us-east-2:736956442401:subnet/subnet-0f2a2261572f5b681",
            "assign_ipv6_address_on_creation": false,
            "availability_zone": "us-east-2a",
            "availability_zone_id": "use2-az1",
            "cidr_block": "10.0.1.0/24",
            "customer_owned_ipv4_pool": "",
            "enable_dns64": false,
            "enable_lni_at_device_index": 0,
            "enable_resource_name_dns_a_record_on_launch": false,
            "enable_resource_name_dns_aaaa_record_on_launch": false,
            "id": "subnet-0f2a2261572f5b681",
            "ipv4_ipam_pool_id": null,
            "ipv4_netmask_length": null,
            "ipv6_cidr_block": "",
            "ipv6_cidr_block_association_id": "",
            "ipv6_ipam_pool_id": null,
            "ipv6_native": false,
            "ipv6_netmask_length": null,
            "map_customer_owned_ip_on_launch": false,
            "map_public_ip_on_launch": true,
            "outpost_arn": "",
            "owner_id": "736956442401",
            "private_dns_hostname_type_on_launch": "ip-name",
            "region": "us-east-2",
            "tags": null,
            "tags_all": {
              "environment": "dev",
              "owner": "ajordanr",
              "project": "chaos-engineering"
            },
            "timeouts": null,
            "vpc_id": "vpc-09b911cdc6ad9eda1"
          },
          "sensitive_attributes": [],
          "identity_schema_version": 0,
          "identity": {
            "account_id": "736956442401",
            "id": "subnet-0f2a2261572f5b681",
            "region": "us-east-2"
          },
          "private": "eyJlMmJmYjczMC1lY2FhLTExZTYtOGY4OC0zNDM2M2JjN2M0YzAiOnsiY3JlYXRlIjo2MDAwMDAwMDAwMDAsImRlbGV0ZSI6MTIwMDAwMDAwMDAwMH0sInNjaGVtYV92ZXJzaW9uIjoiMSJ9",
          "dependencies": [
            "aws_vpc.chaos-vpc"
          ]
        }
      ]
    },
    {
      "mode": "managed",
      "type": "aws_vpc",
      "name": "chaos-vpc",
      "provider": "provider[\"registry.terraform.io/hashicorp/aws\"]",
      "instances": [
        {
          "schema_version": 1,
          "attributes": {
            "arn": "arn:aws:ec2:us-east-2:736956442401:vpc/vpc-09b911cdc6ad9eda1",
            "assign_generated_ipv6_cidr_block": false,
            "cidr_block": "10.0.0.0/16",
            "default_network_acl_id": "acl-00802ec0d6ebb4270",
            "default_route_table_id": "rtb-06490aefbe9b84f97",
            "default_security_group_id": "sg-0d7233a1793a31ec8",
            "dhcp_options_id": "dopt-00f81cf93bc442b1a",
            "enable_dns_hostnames": true,
            "enable_dns_support": true,
            "enable_network_address_usage_metrics": false,
            "id": "vpc-09b911cdc6ad9eda1",
            "instance_tenancy": "default",
            "ipv4_ipam_pool_id": null,
            "ipv4_netmask_length": null,
            "ipv6_association_id": "",
            "ipv6_cidr_block": "",
            "ipv6_cidr_block_network_border_group": "",
            "ipv6_ipam_pool_id": "",
            "ipv6_netmask_length": 0,
            "main_route_table_id": "rtb-06490aefbe9b84f97",
            "owner_id": "736956442401",
            "region": "us-east-2",
            "tags": null,
            "tags_all": {
              "environment": "dev",
              "owner": "ajordanr",
              "project": "chaos-engineering"
            }
          },
          "sensitive_attributes": [],
          "identity_schema_version": 0,
          "identity": {
            "account_id": "736956442401",
            "id": "vpc-09b911cdc6ad9eda1",
            "region": "us-east-2"
          },
          "private": "eyJzY2hlbWFfdmVyc2lvbiI6IjEifQ=="
        }
      ]
    },
    {
      "mode": "managed",
      "type": "aws_vpc_security_group_egress_rule",
      "name": "chaos-sg-egress",
      "provider": "provider[\"registry.terraform.io/hashicorp/aws\"]",
      "instances": [
        {
          "schema_version": 0,
          "attributes": {
            "arn": "arn:aws:ec2:us-east-2:736956442401:security-group-rule/sgr-0b6d0b547f5bc3a25",
            "cidr_ipv4": "0.0.0.0/0",
            "cidr_ipv6": null,
            "description": null,
            "from_port": null,
            "id": "sgr-0b6d0b547f5bc3a25",
            "ip_protocol": "-1",
            "prefix_list_id": null,
            "referenced_security_group_id": null,
            "region": "us-east-2",
            "security_group_id": "sg-0be2ad4b3b1722b89",
            "security_group_rule_id": "sgr-0b6d0b547f5bc3a25",
            "tags": null,
            "tags_all": {
              "environment": "dev",
              "owner": "ajordanr",
              "project": "chaos-engineering"
            },
            "to_port": null
          },
          "sensitive_attributes": [],
          "identity_schema_version": 0,
          "identity": {
            "account_id": "736956442401",
            "id": "sgr-0b6d0b547f5bc3a25",
            "region": "us-east-2"
          },
          "dependencies": [
            "aws_security_group.chaos-sg",
            "aws_vpc.chaos-vpc"
          ]
        }
      ]
    },
    {
      "mode": "managed",
      "type": "aws_vpc_security_group_ingress_rule",
      "name": "chaos-sg-dashboard",
      "provider": "provider[\"registry.terraform.io/hashicorp/aws\"]",
      "instances": [
        {
          "schema_version": 0,
          "attributes": {
            "arn": "arn:aws:ec2:us-east-2:736956442401:security-group-rule/sgr-0f4c758a9c29dd038",
            "cidr_ipv4": "96.245.5.230/32",
            "cidr_ipv6": null,
            "description": null,
            "from_port": 2333,
            "id": "sgr-0f4c758a9c29dd038",
            "ip_protocol": "tcp",
            "prefix_list_id": null,
            "referenced_security_group_id": null,
            "region": "us-east-2",
            "security_group_id": "sg-0be2ad4b3b1722b89",
            "security_group_rule_id": "sgr-0f4c758a9c29dd038",
            "tags": null,
            "tags_all": {
              "environment": "dev",
              "owner": "ajordanr",
              "project": "chaos-engineering"
            },
            "to_port": 2333
          },
          "sensitive_attributes": [],
          "identity_schema_version": 0,
          "identity": {
            "account_id": "736956442401",
            "id": "sgr-0f4c758a9c29dd038",
            "region": "us-east-2"
          },
          "dependencies": [
            "aws_security_group.chaos-sg",
            "aws_vpc.chaos-vpc"
          ]
        }
      ]
    },
    {
      "mode": "managed",
      "type": "aws_vpc_security_group_ingress_rule",
      "name": "chaos-sg-etcd",
      "provider": "provider[\"registry.terraform.io/hashicorp/aws\"]",
      "instances": [
        {
          "schema_version": 0,
          "attributes": {
            "arn": "arn:aws:ec2:us-east-2:736956442401:security-group-rule/sgr-085b1bc8a3904ae58",
            "cidr_ipv4": "10.0.0.0/16",
            "cidr_ipv6": null,
            "description": null,
            "from_port": 2379,
            "id": "sgr-085b1bc8a3904ae58",
            "ip_protocol": "tcp",
            "prefix_list_id": null,
            "referenced_security_group_id": null,
            "region": "us-east-2",
            "security_group_id": "sg-0be2ad4b3b1722b89",
            "security_group_rule_id": "sgr-085b1bc8a3904ae58",
            "tags": null,
            "tags_all": {
              "environment": "dev",
              "owner": "ajordanr",
              "project": "chaos-engineering"
            },
            "to_port": 2380
          },
          "sensitive_attributes": [],
          "identity_schema_version": 0,
          "identity": {
            "account_id": "736956442401",
            "id": "sgr-085b1bc8a3904ae58",
            "region": "us-east-2"
          },
          "dependencies": [
            "aws_security_group.chaos-sg",
            "aws_vpc.chaos-vpc"
          ]
        }
      ]
    },
    {
      "mode": "managed",
      "type": "aws_vpc_security_group_ingress_rule",
      "name": "chaos-sg-flannel",
      "provider": "provider[\"registry.terraform.io/hashicorp/aws\"]",
      "instances": [
        {
          "schema_version": 0,
          "attributes": {
            "arn": "arn:aws:ec2:us-east-2:736956442401:security-group-rule/sgr-0f44bb9d10afaeb3d",
            "cidr_ipv4": "10.0.0.0/16",
            "cidr_ipv6": null,
            "description": null,
            "from_port": 8472,
            "id": "sgr-0f44bb9d10afaeb3d",
            "ip_protocol": "udp",
            "prefix_list_id": null,
            "referenced_security_group_id": null,
            "region": "us-east-2",
            "security_group_id": "sg-0be2ad4b3b1722b89",
            "security_group_rule_id": "sgr-0f44bb9d10afaeb3d",
            "tags": null,
            "tags_all": {
              "environment": "dev",
              "owner": "ajordanr",
              "project": "chaos-engineering"
            },
            "to_port": 8472
          },
          "sensitive_attributes": [],
          "identity_schema_version": 0,
          "identity": {
            "account_id": "736956442401",
            "id": "sgr-0f44bb9d10afaeb3d",
            "region": "us-east-2"
          },
          "dependencies": [
            "aws_security_group.chaos-sg",
            "aws_vpc.chaos-vpc"
          ]
        }
      ]
    },
    {
      "mode": "managed",
      "type": "aws_vpc_security_group_ingress_rule",
      "name": "chaos-sg-k3s",
      "provider": "provider[\"registry.terraform.io/hashicorp/aws\"]",
      "instances": [
        {
          "schema_version": 0,
          "attributes": {
            "arn": "arn:aws:ec2:us-east-2:736956442401:security-group-rule/sgr-0fb1a7363d129a507",
            "cidr_ipv4": "10.0.0.0/16",
            "cidr_ipv6": null,
            "description": null,
            "from_port": 6443,
            "id": "sgr-0fb1a7363d129a507",
            "ip_protocol": "tcp",
            "prefix_list_id": null,
            "referenced_security_group_id": null,
            "region": "us-east-2",
            "security_group_id": "sg-0be2ad4b3b1722b89",
            "security_group_rule_id": "sgr-0fb1a7363d129a507",
            "tags": null,
            "tags_all": {
              "environment": "dev",
              "owner": "ajordanr",
              "project": "chaos-engineering"
            },
            "to_port": 6443
          },
          "sensitive_attributes": [],
          "identity_schema_version": 0,
          "identity": {
            "account_id": "736956442401",
            "id": "sgr-0fb1a7363d129a507",
            "region": "us-east-2"
          },
          "dependencies": [
            "aws_security_group.chaos-sg",
            "aws_vpc.chaos-vpc"
          ]
        }
      ]
    },
    {
      "mode": "managed",
      "type": "aws_vpc_security_group_ingress_rule",
      "name": "chaos-sg-kubelet",
      "provider": "provider[\"registry.terraform.io/hashicorp/aws\"]",
      "instances": [
        {
          "schema_version": 0,
          "attributes": {
            "arn": "arn:aws:ec2:us-east-2:736956442401:security-group-rule/sgr-0cc3d5fa818207d87",
            "cidr_ipv4": "10.0.0.0/16",
            "cidr_ipv6": null,
            "description": null,
            "from_port": 10250,
            "id": "sgr-0cc3d5fa818207d87",
            "ip_protocol": "tcp",
            "prefix_list_id": null,
            "referenced_security_group_id": null,
            "region": "us-east-2",
            "security_group_id": "sg-0be2ad4b3b1722b89",
            "security_group_rule_id": "sgr-0cc3d5fa818207d87",
            "tags": null,
            "tags_all": {
              "environment": "dev",
              "owner": "ajordanr",
              "project": "chaos-engineering"
            },
            "to_port": 10250
          },
          "sensitive_attributes": [],
          "identity_schema_version": 0,
          "identity": {
            "account_id": "736956442401",
            "id": "sgr-0cc3d5fa818207d87",
            "region": "us-east-2"
          },
          "dependencies": [
            "aws_security_group.chaos-sg",
            "aws_vpc.chaos-vpc"
          ]
        }
      ]
    },
    {
      "mode": "managed",
      "type": "aws_vpc_security_group_ingress_rule",
      "name": "chaos-sg-ssh",
      "provider": "provider[\"registry.terraform.io/hashicorp/aws\"]",
      "instances": [
        {
          "schema_version": 0,
          "attributes": {
            "arn": "arn:aws:ec2:us-east-2:736956442401:security-group-rule/sgr-085c7d8b47a0f9009",
            "cidr_ipv4": "96.245.5.230/32",
            "cidr_ipv6": null,
            "description": null,
            "from_port": 22,
            "id": "sgr-085c7d8b47a0f9009",
            "ip_protocol": "tcp",
            "prefix_list_id": null,
            "referenced_security_group_id": null,
            "region": "us-east-2",
            "security_group_id": "sg-0be2ad4b3b1722b89",
            "security_group_rule_id": "sgr-085c7d8b47a0f9009",
            "tags": null,
            "tags_all": {
              "environment": "dev",
              "owner": "ajordanr",
              "project": "chaos-engineering"
            },
            "to_port": 22
          },
          "sensitive_attributes": [],
          "identity_schema_version": 0,
          "identity": {
            "account_id": "736956442401",
            "id": "sgr-085c7d8b47a0f9009",
            "region": "us-east-2"
          },
          "dependencies": [
            "aws_security_group.chaos-sg",
            "aws_vpc.chaos-vpc"
          ]
        }
      ]
    },
    {
      "mode": "managed",
      "type": "local_file",
      "name": "chaos-pem",
      "provider": "provider[\"registry.terraform.io/hashicorp/local\"]",
      "instances": [
        {
          "schema_version": 0,
          "attributes": {
            "content": "-----BEGIN OPENSSH PRIVATE KEY-----\nb3BlbnNzaC1rZXktdjEAAAAABG5vbmUAAAAEbm9uZQAAAAAAAAABAAAAMwAAAAtz\nc2gtZWQyNTUxOQAAACCg/lbGvQBGbF/0ruSrYul3itOUUasAhRnOqdZjq8AAswAA\nAIiNBh5DjQYeQwAAAAtzc2gtZWQyNTUxOQAAACCg/lbGvQBGbF/0ruSrYul3itOU\nUasAhRnOqdZjq8AAswAAAEAIHGOZ5FBLkacvx5bWScthLe6UfgDoGI7Ezb08yioL\njqD+Vsa9AEZsX/Su5Kti6XeK05RRqwCFGc6p1mOrwACzAAAAAAECAwQF\n-----END OPENSSH PRIVATE KEY-----\n",
            "content_base64": null,
            "content_base64sha256": "Zm8NnTwTfO9zGaGabFbF/RBeuPxmwPjb3wETVffZ4wU=",
            "content_base64sha512": "h2pOpMkJ5SwPFKkqR/FRIEUtZp/ygawnT4v5s0XqbjqeyirGTvGcUPzaRvb0xdWM2LQmNftnllkP0PzqVuCTEQ==",
            "content_md5": "3e3e1fbed63305f18ed35b27fb959b49",
            "content_sha1": "fde1dc34a0e46c2b9542bb505dd0976201239fdf",
            "content_sha256": "666f0d9d3c137cef7319a19a6c56c5fd105eb8fc66c0f8dbdf011355f7d9e305",
            "content_sha512": "876a4ea4c909e52c0f14a92a47f15120452d669ff281ac274f8bf9b345ea6e3a9eca2ac64ef19c50fcda46f6f4c5d58cd8b42635fb6796590fd0fcea56e09311",
            "directory_permission": "0777",
            "file_permission": "0400",
            "filename": "./chaos-keypair.pem",
            "id": "fde1dc34a0e46c2b9542bb505dd0976201239fdf",
            "sensitive_content": null,
            "source": null
          },
          "sensitive_attributes": [
            [
              {
                "type": "get_attr",
                "value": "content"
              }
            ],
            [
              {
                "type": "get_attr",
                "value": "sensitive_content"
              }
            ]
          ],
          "identity_schema_version": 0,
          "dependencies": [
            "tls_private_key.chaos-key"
          ]
        }
      ]
    },
    {
      "mode": "managed",
      "type": "tls_private_key",
      "name": "chaos-key",
      "provider": "provider[\"registry.terraform.io/hashicorp/tls\"]",
      "instances": [
        {
          "schema_version": 1,
          "attributes": {
            "algorithm": "ED25519",
            "ecdsa_curve": "P224",
            "id": "8ffa974a48691b792de3880337904f337a827c0d",
            "private_key_openssh": "-----BEGIN OPENSSH PRIVATE KEY-----\nb3BlbnNzaC1rZXktdjEAAAAABG5vbmUAAAAEbm9uZQAAAAAAAAABAAAAMwAAAAtz\nc2gtZWQyNTUxOQAAACCg/lbGvQBGbF/0ruSrYul3itOUUasAhRnOqdZjq8AAswAA\nAIiNBh5DjQYeQwAAAAtzc2gtZWQyNTUxOQAAACCg/lbGvQBGbF/0ruSrYul3itOU\nUasAhRnOqdZjq8AAswAAAEAIHGOZ5FBLkacvx5bWScthLe6UfgDoGI7Ezb08yioL\njqD+Vsa9AEZsX/Su5Kti6XeK05RRqwCFGc6p1mOrwACzAAAAAAECAwQF\n-----END OPENSSH PRIVATE KEY-----\n",
            "private_key_pem": "-----BEGIN PRIVATE KEY-----\nMC4CAQAwBQYDK2VwBCIEIAgcY5nkUEuRpy/HltZJy2Et7pR+AOgYjsTNvTzKKguO\n-----END PRIVATE KEY-----\n",
            "private_key_pem_pkcs8": "-----BEGIN PRIVATE KEY-----\nMC4CAQAwBQYDK2VwBCIEIAgcY5nkUEuRpy/HltZJy2Et7pR+AOgYjsTNvTzKKguO\n-----END PRIVATE KEY-----\n",
            "public_key_fingerprint_md5": "d0:4a:aa:11:e8:8f:d6:3c:a0:ed:30:98:33:e2:0d:9a",
            "public_key_fingerprint_sha256": "SHA256:cojEH4HzXhS9c9KXWZcQVDzbMrTwY8pD+M9uzHzUSBQ",
            "public_key_openssh": "ssh-ed25519 AAAAC3NzaC1lZDI1NTE5AAAAIKD+Vsa9AEZsX/Su5Kti6XeK05RRqwCFGc6p1mOrwACz\n",
            "public_key_pem": "-----BEGIN PUBLIC KEY-----\nMCowBQYDK2VwAyEAoP5Wxr0ARmxf9K7kq2Lpd4rTlFGrAIUZzqnWY6vAALM=\n-----END PUBLIC KEY-----\n",
            "rsa_bits": 2048
          },
          "sensitive_attributes": [
            [
              {
                "type": "get_attr",
                "value": "private_key_openssh"
              }
            ],
            [
              {
                "type": "get_attr",
                "value": "private_key_pem"
              }
            ],
            [
              {
                "type": "get_attr",
                "value": "private_key_pem_pkcs8"
              }
            ]
          ],
          "identity_schema_version": 0
        }
      ]
    }
  ],
  "check_results": null
}
